// !$*UTF8*$!
{
	archiveVersion = 1;
	classes = {
	};
	objectVersion = 55;
	objects = {

/* Begin PBXBuildFile section */
		AC64D008279081FB0053B7DE /* AppDelegate.swift in Sources */ = {isa = PBXBuildFile; fileRef = AC64D007279081FB0053B7DE /* AppDelegate.swift */; };
		AC64D00A279081FB0053B7DE /* SceneDelegate.swift in Sources */ = {isa = PBXBuildFile; fileRef = AC64D009279081FB0053B7DE /* SceneDelegate.swift */; };
		AC64D00C279081FB0053B7DE /* ViewController.swift in Sources */ = {isa = PBXBuildFile; fileRef = AC64D00B279081FB0053B7DE /* ViewController.swift */; };
		AC64D00F279081FB0053B7DE /* Main.storyboard in Resources */ = {isa = PBXBuildFile; fileRef = AC64D00D279081FB0053B7DE /* Main.storyboard */; };
		AC64D011279081FD0053B7DE /* Assets.xcassets in Resources */ = {isa = PBXBuildFile; fileRef = AC64D010279081FD0053B7DE /* Assets.xcassets */; };
		AC64D014279081FD0053B7DE /* LaunchScreen.storyboard in Resources */ = {isa = PBXBuildFile; fileRef = AC64D012279081FD0053B7DE /* LaunchScreen.storyboard */; };
		AC64D01F279081FD0053B7DE /* JuanRestaurantTests.swift in Sources */ = {isa = PBXBuildFile; fileRef = AC64D01E279081FD0053B7DE /* JuanRestaurantTests.swift */; };
		AC64D029279081FD0053B7DE /* JuanRestaurantUITests.swift in Sources */ = {isa = PBXBuildFile; fileRef = AC64D028279081FD0053B7DE /* JuanRestaurantUITests.swift */; };
		AC64D02B279081FD0053B7DE /* JuanRestaurantUITestsLaunchTests.swift in Sources */ = {isa = PBXBuildFile; fileRef = AC64D02A279081FD0053B7DE /* JuanRestaurantUITestsLaunchTests.swift */; };
		AC64D03C279110640053B7DE /* WelcomeBaseView.swift in Sources */ = {isa = PBXBuildFile; fileRef = AC64D03B279110640053B7DE /* WelcomeBaseView.swift */; };
		AC64D0462791134D0053B7DE /* DesignSystem.docc in Sources */ = {isa = PBXBuildFile; fileRef = AC64D0452791134D0053B7DE /* DesignSystem.docc */; };
		AC64D04C2791134D0053B7DE /* DesignSystem.framework in Frameworks */ = {isa = PBXBuildFile; fileRef = AC64D0422791134D0053B7DE /* DesignSystem.framework */; };
		AC64D0532791134D0053B7DE /* DesignSystemTests.swift in Sources */ = {isa = PBXBuildFile; fileRef = AC64D0522791134D0053B7DE /* DesignSystemTests.swift */; };
		AC64D0542791134D0053B7DE /* DesignSystem.h in Headers */ = {isa = PBXBuildFile; fileRef = AC64D0442791134D0053B7DE /* DesignSystem.h */; settings = {ATTRIBUTES = (Public, ); }; };
		AC64D0572791134D0053B7DE /* DesignSystem.framework in Frameworks */ = {isa = PBXBuildFile; fileRef = AC64D0422791134D0053B7DE /* DesignSystem.framework */; };
		AC64D0582791134D0053B7DE /* DesignSystem.framework in Embed Frameworks */ = {isa = PBXBuildFile; fileRef = AC64D0422791134D0053B7DE /* DesignSystem.framework */; settings = {ATTRIBUTES = (CodeSignOnCopy, RemoveHeadersOnCopy, ); }; };
		AC64D064279113A70053B7DE /* DSBackgroundColor.swift in Sources */ = {isa = PBXBuildFile; fileRef = AC64D063279113A70053B7DE /* DSBackgroundColor.swift */; };
		AC64D067279115BB0053B7DE /* DSAssets.xcassets in Resources */ = {isa = PBXBuildFile; fileRef = AC64D066279115BB0053B7DE /* DSAssets.xcassets */; };
		AC64D06A279116740053B7DE /* ViewConfigurationProtocol.swift in Sources */ = {isa = PBXBuildFile; fileRef = AC64D069279116740053B7DE /* ViewConfigurationProtocol.swift */; };
		AC64D06D27911B580053B7DE /* SnapKit in Frameworks */ = {isa = PBXBuildFile; productRef = AC64D06C27911B580053B7DE /* SnapKit */; };
		AC64D07127911E610053B7DE /* UIViewExtension.swift in Sources */ = {isa = PBXBuildFile; fileRef = AC64D07027911E610053B7DE /* UIViewExtension.swift */; };
		AC64D07427911EBB0053B7DE /* UIButtonExtension.swift in Sources */ = {isa = PBXBuildFile; fileRef = AC64D07327911EBB0053B7DE /* UIButtonExtension.swift */; };
		AC64D07827911F050053B7DE /* ButtonStyle.swift in Sources */ = {isa = PBXBuildFile; fileRef = AC64D07727911F050053B7DE /* ButtonStyle.swift */; };
		AC64D07B27911F4B0053B7DE /* DSTextColor.swift in Sources */ = {isa = PBXBuildFile; fileRef = AC64D07A27911F4B0053B7DE /* DSTextColor.swift */; };
		AC64D07E279121DC0053B7DE /* AppText.swift in Sources */ = {isa = PBXBuildFile; fileRef = AC64D07D279121DC0053B7DE /* AppText.swift */; };
		AC64D080279121FE0053B7DE /* WelcomeText.swift in Sources */ = {isa = PBXBuildFile; fileRef = AC64D07F279121FE0053B7DE /* WelcomeText.swift */; };
		AC64D0822791227A0053B7DE /* WelcomeViewController.swift in Sources */ = {isa = PBXBuildFile; fileRef = AC64D0812791227A0053B7DE /* WelcomeViewController.swift */; };
		AC64D085279123220053B7DE /* AppCoordinator.swift in Sources */ = {isa = PBXBuildFile; fileRef = AC64D084279123220053B7DE /* AppCoordinator.swift */; };
		AC6BFEED27912FCB00AE9C46 /* HelperBundle.swift in Sources */ = {isa = PBXBuildFile; fileRef = AC6BFEEC27912FCB00AE9C46 /* HelperBundle.swift */; };
		AC6BFEEF279130E300AE9C46 /* WelcomeViewModel.swift in Sources */ = {isa = PBXBuildFile; fileRef = AC6BFEEE279130E300AE9C46 /* WelcomeViewModel.swift */; };
/* End PBXBuildFile section */

/* Begin PBXContainerItemProxy section */
		AC64D01B279081FD0053B7DE /* PBXContainerItemProxy */ = {
			isa = PBXContainerItemProxy;
			containerPortal = AC64CFFC279081FB0053B7DE /* Project object */;
			proxyType = 1;
			remoteGlobalIDString = AC64D003279081FB0053B7DE;
			remoteInfo = JuanRestaurant;
		};
		AC64D025279081FD0053B7DE /* PBXContainerItemProxy */ = {
			isa = PBXContainerItemProxy;
			containerPortal = AC64CFFC279081FB0053B7DE /* Project object */;
			proxyType = 1;
			remoteGlobalIDString = AC64D003279081FB0053B7DE;
			remoteInfo = JuanRestaurant;
		};
		AC64D04D2791134D0053B7DE /* PBXContainerItemProxy */ = {
			isa = PBXContainerItemProxy;
			containerPortal = AC64CFFC279081FB0053B7DE /* Project object */;
			proxyType = 1;
			remoteGlobalIDString = AC64D0412791134D0053B7DE;
			remoteInfo = DesignSystem;
		};
		AC64D04F2791134D0053B7DE /* PBXContainerItemProxy */ = {
			isa = PBXContainerItemProxy;
			containerPortal = AC64CFFC279081FB0053B7DE /* Project object */;
			proxyType = 1;
			remoteGlobalIDString = AC64D003279081FB0053B7DE;
			remoteInfo = JuanRestaurant;
		};
		AC64D0552791134D0053B7DE /* PBXContainerItemProxy */ = {
			isa = PBXContainerItemProxy;
			containerPortal = AC64CFFC279081FB0053B7DE /* Project object */;
			proxyType = 1;
			remoteGlobalIDString = AC64D0412791134D0053B7DE;
			remoteInfo = DesignSystem;
		};
/* End PBXContainerItemProxy section */

/* Begin PBXCopyFilesBuildPhase section */
		AC64D05C2791134D0053B7DE /* Embed Frameworks */ = {
			isa = PBXCopyFilesBuildPhase;
			buildActionMask = 2147483647;
			dstPath = "";
			dstSubfolderSpec = 10;
			files = (
				AC64D0582791134D0053B7DE /* DesignSystem.framework in Embed Frameworks */,
			);
			name = "Embed Frameworks";
			runOnlyForDeploymentPostprocessing = 0;
		};
/* End PBXCopyFilesBuildPhase section */

/* Begin PBXFileReference section */
		AC64D004279081FB0053B7DE /* JuanRestaurant.app */ = {isa = PBXFileReference; explicitFileType = wrapper.application; includeInIndex = 0; path = JuanRestaurant.app; sourceTree = BUILT_PRODUCTS_DIR; };
		AC64D007279081FB0053B7DE /* AppDelegate.swift */ = {isa = PBXFileReference; lastKnownFileType = sourcecode.swift; path = AppDelegate.swift; sourceTree = "<group>"; };
		AC64D009279081FB0053B7DE /* SceneDelegate.swift */ = {isa = PBXFileReference; lastKnownFileType = sourcecode.swift; path = SceneDelegate.swift; sourceTree = "<group>"; };
		AC64D00B279081FB0053B7DE /* ViewController.swift */ = {isa = PBXFileReference; lastKnownFileType = sourcecode.swift; path = ViewController.swift; sourceTree = "<group>"; };
		AC64D00E279081FB0053B7DE /* Base */ = {isa = PBXFileReference; lastKnownFileType = file.storyboard; name = Base; path = Base.lproj/Main.storyboard; sourceTree = "<group>"; };
		AC64D010279081FD0053B7DE /* Assets.xcassets */ = {isa = PBXFileReference; lastKnownFileType = folder.assetcatalog; path = Assets.xcassets; sourceTree = "<group>"; };
		AC64D013279081FD0053B7DE /* Base */ = {isa = PBXFileReference; lastKnownFileType = file.storyboard; name = Base; path = Base.lproj/LaunchScreen.storyboard; sourceTree = "<group>"; };
		AC64D015279081FD0053B7DE /* Info.plist */ = {isa = PBXFileReference; lastKnownFileType = text.plist.xml; path = Info.plist; sourceTree = "<group>"; };
		AC64D01A279081FD0053B7DE /* JuanRestaurantTests.xctest */ = {isa = PBXFileReference; explicitFileType = wrapper.cfbundle; includeInIndex = 0; path = JuanRestaurantTests.xctest; sourceTree = BUILT_PRODUCTS_DIR; };
		AC64D01E279081FD0053B7DE /* JuanRestaurantTests.swift */ = {isa = PBXFileReference; lastKnownFileType = sourcecode.swift; path = JuanRestaurantTests.swift; sourceTree = "<group>"; };
		AC64D024279081FD0053B7DE /* JuanRestaurantUITests.xctest */ = {isa = PBXFileReference; explicitFileType = wrapper.cfbundle; includeInIndex = 0; path = JuanRestaurantUITests.xctest; sourceTree = BUILT_PRODUCTS_DIR; };
		AC64D028279081FD0053B7DE /* JuanRestaurantUITests.swift */ = {isa = PBXFileReference; lastKnownFileType = sourcecode.swift; path = JuanRestaurantUITests.swift; sourceTree = "<group>"; };
		AC64D02A279081FD0053B7DE /* JuanRestaurantUITestsLaunchTests.swift */ = {isa = PBXFileReference; lastKnownFileType = sourcecode.swift; path = JuanRestaurantUITestsLaunchTests.swift; sourceTree = "<group>"; };
		AC64D03B279110640053B7DE /* WelcomeBaseView.swift */ = {isa = PBXFileReference; lastKnownFileType = sourcecode.swift; path = WelcomeBaseView.swift; sourceTree = "<group>"; };
		AC64D0422791134D0053B7DE /* DesignSystem.framework */ = {isa = PBXFileReference; explicitFileType = wrapper.framework; includeInIndex = 0; path = DesignSystem.framework; sourceTree = BUILT_PRODUCTS_DIR; };
		AC64D0442791134D0053B7DE /* DesignSystem.h */ = {isa = PBXFileReference; lastKnownFileType = sourcecode.c.h; path = DesignSystem.h; sourceTree = "<group>"; };
		AC64D0452791134D0053B7DE /* DesignSystem.docc */ = {isa = PBXFileReference; lastKnownFileType = folder.documentationcatalog; path = DesignSystem.docc; sourceTree = "<group>"; };
		AC64D04B2791134D0053B7DE /* DesignSystemTests.xctest */ = {isa = PBXFileReference; explicitFileType = wrapper.cfbundle; includeInIndex = 0; path = DesignSystemTests.xctest; sourceTree = BUILT_PRODUCTS_DIR; };
		AC64D0522791134D0053B7DE /* DesignSystemTests.swift */ = {isa = PBXFileReference; lastKnownFileType = sourcecode.swift; path = DesignSystemTests.swift; sourceTree = "<group>"; };
		AC64D063279113A70053B7DE /* DSBackgroundColor.swift */ = {isa = PBXFileReference; lastKnownFileType = sourcecode.swift; path = DSBackgroundColor.swift; sourceTree = "<group>"; };
		AC64D066279115BB0053B7DE /* DSAssets.xcassets */ = {isa = PBXFileReference; lastKnownFileType = folder.assetcatalog; path = DSAssets.xcassets; sourceTree = "<group>"; };
		AC64D069279116740053B7DE /* ViewConfigurationProtocol.swift */ = {isa = PBXFileReference; lastKnownFileType = sourcecode.swift; path = ViewConfigurationProtocol.swift; sourceTree = "<group>"; };
		AC64D07027911E610053B7DE /* UIViewExtension.swift */ = {isa = PBXFileReference; lastKnownFileType = sourcecode.swift; path = UIViewExtension.swift; sourceTree = "<group>"; };
		AC64D07327911EBB0053B7DE /* UIButtonExtension.swift */ = {isa = PBXFileReference; lastKnownFileType = sourcecode.swift; path = UIButtonExtension.swift; sourceTree = "<group>"; };
		AC64D07727911F050053B7DE /* ButtonStyle.swift */ = {isa = PBXFileReference; lastKnownFileType = sourcecode.swift; path = ButtonStyle.swift; sourceTree = "<group>"; };
		AC64D07A27911F4B0053B7DE /* DSTextColor.swift */ = {isa = PBXFileReference; lastKnownFileType = sourcecode.swift; path = DSTextColor.swift; sourceTree = "<group>"; };
		AC64D07D279121DC0053B7DE /* AppText.swift */ = {isa = PBXFileReference; lastKnownFileType = sourcecode.swift; path = AppText.swift; sourceTree = "<group>"; };
		AC64D07F279121FE0053B7DE /* WelcomeText.swift */ = {isa = PBXFileReference; lastKnownFileType = sourcecode.swift; path = WelcomeText.swift; sourceTree = "<group>"; };
		AC64D0812791227A0053B7DE /* WelcomeViewController.swift */ = {isa = PBXFileReference; lastKnownFileType = sourcecode.swift; path = WelcomeViewController.swift; sourceTree = "<group>"; };
		AC64D084279123220053B7DE /* AppCoordinator.swift */ = {isa = PBXFileReference; lastKnownFileType = sourcecode.swift; path = AppCoordinator.swift; sourceTree = "<group>"; };
		AC6BFEEC27912FCB00AE9C46 /* HelperBundle.swift */ = {isa = PBXFileReference; lastKnownFileType = sourcecode.swift; path = HelperBundle.swift; sourceTree = "<group>"; };
		AC6BFEEE279130E300AE9C46 /* WelcomeViewModel.swift */ = {isa = PBXFileReference; lastKnownFileType = sourcecode.swift; path = WelcomeViewModel.swift; sourceTree = "<group>"; };
/* End PBXFileReference section */

/* Begin PBXFrameworksBuildPhase section */
		AC64D001279081FB0053B7DE /* Frameworks */ = {
			isa = PBXFrameworksBuildPhase;
			buildActionMask = 2147483647;
			files = (
				AC64D0572791134D0053B7DE /* DesignSystem.framework in Frameworks */,
				AC64D06D27911B580053B7DE /* SnapKit in Frameworks */,
			);
			runOnlyForDeploymentPostprocessing = 0;
		};
		AC64D017279081FD0053B7DE /* Frameworks */ = {
			isa = PBXFrameworksBuildPhase;
			buildActionMask = 2147483647;
			files = (
			);
			runOnlyForDeploymentPostprocessing = 0;
		};
		AC64D021279081FD0053B7DE /* Frameworks */ = {
			isa = PBXFrameworksBuildPhase;
			buildActionMask = 2147483647;
			files = (
			);
			runOnlyForDeploymentPostprocessing = 0;
		};
		AC64D03F2791134D0053B7DE /* Frameworks */ = {
			isa = PBXFrameworksBuildPhase;
			buildActionMask = 2147483647;
			files = (
			);
			runOnlyForDeploymentPostprocessing = 0;
		};
		AC64D0482791134D0053B7DE /* Frameworks */ = {
			isa = PBXFrameworksBuildPhase;
			buildActionMask = 2147483647;
			files = (
				AC64D04C2791134D0053B7DE /* DesignSystem.framework in Frameworks */,
			);
			runOnlyForDeploymentPostprocessing = 0;
		};
/* End PBXFrameworksBuildPhase section */

/* Begin PBXGroup section */
		AC64CFFB279081FB0053B7DE = {
			isa = PBXGroup;
			children = (
				AC64D006279081FB0053B7DE /* JuanRestaurant */,
				AC64D01D279081FD0053B7DE /* JuanRestaurantTests */,
				AC64D027279081FD0053B7DE /* JuanRestaurantUITests */,
				AC64D0432791134D0053B7DE /* DesignSystem */,
				AC64D0512791134D0053B7DE /* DesignSystemTests */,
				AC64D005279081FB0053B7DE /* Products */,
			);
			sourceTree = "<group>";
		};
		AC64D005279081FB0053B7DE /* Products */ = {
			isa = PBXGroup;
			children = (
				AC64D004279081FB0053B7DE /* JuanRestaurant.app */,
				AC64D01A279081FD0053B7DE /* JuanRestaurantTests.xctest */,
				AC64D024279081FD0053B7DE /* JuanRestaurantUITests.xctest */,
				AC64D0422791134D0053B7DE /* DesignSystem.framework */,
				AC64D04B2791134D0053B7DE /* DesignSystemTests.xctest */,
			);
			name = Products;
			sourceTree = "<group>";
		};
		AC64D006279081FB0053B7DE /* JuanRestaurant */ = {
			isa = PBXGroup;
			children = (
				AC64D083279123080053B7DE /* Coordinator */,
				AC64D037279087810053B7DE /* Welcome */,
				AC64D007279081FB0053B7DE /* AppDelegate.swift */,
				AC64D009279081FB0053B7DE /* SceneDelegate.swift */,
				AC64D00B279081FB0053B7DE /* ViewController.swift */,
				AC64D00D279081FB0053B7DE /* Main.storyboard */,
				AC64D010279081FD0053B7DE /* Assets.xcassets */,
				AC64D012279081FD0053B7DE /* LaunchScreen.storyboard */,
				AC64D015279081FD0053B7DE /* Info.plist */,
				AC64D07D279121DC0053B7DE /* AppText.swift */,
			);
			path = JuanRestaurant;
			sourceTree = "<group>";
		};
		AC64D01D279081FD0053B7DE /* JuanRestaurantTests */ = {
			isa = PBXGroup;
			children = (
				AC64D01E279081FD0053B7DE /* JuanRestaurantTests.swift */,
			);
			path = JuanRestaurantTests;
			sourceTree = "<group>";
		};
		AC64D027279081FD0053B7DE /* JuanRestaurantUITests */ = {
			isa = PBXGroup;
			children = (
				AC64D028279081FD0053B7DE /* JuanRestaurantUITests.swift */,
				AC64D02A279081FD0053B7DE /* JuanRestaurantUITestsLaunchTests.swift */,
			);
			path = JuanRestaurantUITests;
			sourceTree = "<group>";
		};
		AC64D037279087810053B7DE /* Welcome */ = {
			isa = PBXGroup;
			children = (
				AC64D07C279121CC0053B7DE /* Resources */,
				AC64D03A279087920053B7DE /* ViewModel */,
				AC64D0392790878E0053B7DE /* View */,
				AC64D038279087860053B7DE /* ViewController */,
			);
			path = Welcome;
			sourceTree = "<group>";
		};
		AC64D038279087860053B7DE /* ViewController */ = {
			isa = PBXGroup;
			children = (
				AC64D0812791227A0053B7DE /* WelcomeViewController.swift */,
			);
			path = ViewController;
			sourceTree = "<group>";
		};
		AC64D0392790878E0053B7DE /* View */ = {
			isa = PBXGroup;
			children = (
				AC64D03B279110640053B7DE /* WelcomeBaseView.swift */,
			);
			path = View;
			sourceTree = "<group>";
		};
		AC64D03A279087920053B7DE /* ViewModel */ = {
			isa = PBXGroup;
			children = (
				AC6BFEEE279130E300AE9C46 /* WelcomeViewModel.swift */,
			);
			path = ViewModel;
			sourceTree = "<group>";
		};
		AC64D0432791134D0053B7DE /* DesignSystem */ = {
			isa = PBXGroup;
			children = (
				AC6BFEEB27912FBF00AE9C46 /* HelperBundle */,
				AC64D07527911EF90053B7DE /* Style */,
				AC64D06E27911E520053B7DE /* Extension */,
				AC64D068279116650053B7DE /* Protocols */,
				AC64D065279115910053B7DE /* Resources */,
				AC64D060279113600053B7DE /* Color */,
				AC64D0442791134D0053B7DE /* DesignSystem.h */,
				AC64D0452791134D0053B7DE /* DesignSystem.docc */,
			);
			path = DesignSystem;
			sourceTree = "<group>";
		};
		AC64D0512791134D0053B7DE /* DesignSystemTests */ = {
			isa = PBXGroup;
			children = (
				AC64D0522791134D0053B7DE /* DesignSystemTests.swift */,
			);
			path = DesignSystemTests;
			sourceTree = "<group>";
		};
		AC64D060279113600053B7DE /* Color */ = {
			isa = PBXGroup;
			children = (
				AC64D07927911F380053B7DE /* TextColor */,
				AC64D062279113910053B7DE /* Background */,
			);
			path = Color;
			sourceTree = "<group>";
		};
		AC64D062279113910053B7DE /* Background */ = {
			isa = PBXGroup;
			children = (
				AC64D063279113A70053B7DE /* DSBackgroundColor.swift */,
			);
			path = Background;
			sourceTree = "<group>";
		};
		AC64D065279115910053B7DE /* Resources */ = {
			isa = PBXGroup;
			children = (
				AC64D066279115BB0053B7DE /* DSAssets.xcassets */,
			);
			path = Resources;
			sourceTree = "<group>";
		};
		AC64D068279116650053B7DE /* Protocols */ = {
			isa = PBXGroup;
			children = (
				AC64D069279116740053B7DE /* ViewConfigurationProtocol.swift */,
			);
			path = Protocols;
			sourceTree = "<group>";
		};
		AC64D06E27911E520053B7DE /* Extension */ = {
			isa = PBXGroup;
			children = (
				AC64D07227911EA20053B7DE /* UIButton */,
				AC64D06F27911E560053B7DE /* UIView */,
			);
			path = Extension;
			sourceTree = "<group>";
		};
		AC64D06F27911E560053B7DE /* UIView */ = {
			isa = PBXGroup;
			children = (
				AC64D07027911E610053B7DE /* UIViewExtension.swift */,
			);
			path = UIView;
			sourceTree = "<group>";
		};
		AC64D07227911EA20053B7DE /* UIButton */ = {
			isa = PBXGroup;
			children = (
				AC64D07327911EBB0053B7DE /* UIButtonExtension.swift */,
			);
			path = UIButton;
			sourceTree = "<group>";
		};
		AC64D07527911EF90053B7DE /* Style */ = {
			isa = PBXGroup;
			children = (
				AC64D07627911EFC0053B7DE /* Button */,
			);
			path = Style;
			sourceTree = "<group>";
		};
		AC64D07627911EFC0053B7DE /* Button */ = {
			isa = PBXGroup;
			children = (
				AC64D07727911F050053B7DE /* ButtonStyle.swift */,
			);
			path = Button;
			sourceTree = "<group>";
		};
		AC64D07927911F380053B7DE /* TextColor */ = {
			isa = PBXGroup;
			children = (
				AC64D07A27911F4B0053B7DE /* DSTextColor.swift */,
			);
			path = TextColor;
			sourceTree = "<group>";
		};
		AC64D07C279121CC0053B7DE /* Resources */ = {
			isa = PBXGroup;
			children = (
				AC64D07F279121FE0053B7DE /* WelcomeText.swift */,
			);
			path = Resources;
			sourceTree = "<group>";
		};
		AC64D083279123080053B7DE /* Coordinator */ = {
			isa = PBXGroup;
			children = (
				AC64D084279123220053B7DE /* AppCoordinator.swift */,
			);
			path = Coordinator;
			sourceTree = "<group>";
		};
		AC6BFEEB27912FBF00AE9C46 /* HelperBundle */ = {
			isa = PBXGroup;
			children = (
				AC6BFEEC27912FCB00AE9C46 /* HelperBundle.swift */,
			);
			path = HelperBundle;
			sourceTree = "<group>";
		};
/* End PBXGroup section */

/* Begin PBXHeadersBuildPhase section */
		AC64D03D2791134D0053B7DE /* Headers */ = {
			isa = PBXHeadersBuildPhase;
			buildActionMask = 2147483647;
			files = (
				AC64D0542791134D0053B7DE /* DesignSystem.h in Headers */,
			);
			runOnlyForDeploymentPostprocessing = 0;
		};
/* End PBXHeadersBuildPhase section */

/* Begin PBXNativeTarget section */
		AC64D003279081FB0053B7DE /* JuanRestaurant */ = {
			isa = PBXNativeTarget;
			buildConfigurationList = AC64D02E279081FD0053B7DE /* Build configuration list for PBXNativeTarget "JuanRestaurant" */;
			buildPhases = (
				AC64D000279081FB0053B7DE /* Sources */,
				AC64D001279081FB0053B7DE /* Frameworks */,
				AC64D002279081FB0053B7DE /* Resources */,
				AC64D05C2791134D0053B7DE /* Embed Frameworks */,
			);
			buildRules = (
			);
			dependencies = (
				AC64D0562791134D0053B7DE /* PBXTargetDependency */,
			);
			name = JuanRestaurant;
			packageProductDependencies = (
				AC64D06C27911B580053B7DE /* SnapKit */,
			);
			productName = JuanRestaurant;
			productReference = AC64D004279081FB0053B7DE /* JuanRestaurant.app */;
			productType = "com.apple.product-type.application";
		};
		AC64D019279081FD0053B7DE /* JuanRestaurantTests */ = {
			isa = PBXNativeTarget;
			buildConfigurationList = AC64D031279081FD0053B7DE /* Build configuration list for PBXNativeTarget "JuanRestaurantTests" */;
			buildPhases = (
				AC64D016279081FD0053B7DE /* Sources */,
				AC64D017279081FD0053B7DE /* Frameworks */,
				AC64D018279081FD0053B7DE /* Resources */,
			);
			buildRules = (
			);
			dependencies = (
				AC64D01C279081FD0053B7DE /* PBXTargetDependency */,
			);
			name = JuanRestaurantTests;
			productName = JuanRestaurantTests;
			productReference = AC64D01A279081FD0053B7DE /* JuanRestaurantTests.xctest */;
			productType = "com.apple.product-type.bundle.unit-test";
		};
		AC64D023279081FD0053B7DE /* JuanRestaurantUITests */ = {
			isa = PBXNativeTarget;
			buildConfigurationList = AC64D034279081FD0053B7DE /* Build configuration list for PBXNativeTarget "JuanRestaurantUITests" */;
			buildPhases = (
				AC64D020279081FD0053B7DE /* Sources */,
				AC64D021279081FD0053B7DE /* Frameworks */,
				AC64D022279081FD0053B7DE /* Resources */,
			);
			buildRules = (
			);
			dependencies = (
				AC64D026279081FD0053B7DE /* PBXTargetDependency */,
			);
			name = JuanRestaurantUITests;
			productName = JuanRestaurantUITests;
			productReference = AC64D024279081FD0053B7DE /* JuanRestaurantUITests.xctest */;
			productType = "com.apple.product-type.bundle.ui-testing";
		};
		AC64D0412791134D0053B7DE /* DesignSystem */ = {
			isa = PBXNativeTarget;
			buildConfigurationList = AC64D0592791134D0053B7DE /* Build configuration list for PBXNativeTarget "DesignSystem" */;
			buildPhases = (
				AC64D03D2791134D0053B7DE /* Headers */,
				AC64D03E2791134D0053B7DE /* Sources */,
				AC64D03F2791134D0053B7DE /* Frameworks */,
				AC64D0402791134D0053B7DE /* Resources */,
			);
			buildRules = (
			);
			dependencies = (
			);
			name = DesignSystem;
			productName = DesignSystem;
			productReference = AC64D0422791134D0053B7DE /* DesignSystem.framework */;
			productType = "com.apple.product-type.framework";
		};
		AC64D04A2791134D0053B7DE /* DesignSystemTests */ = {
			isa = PBXNativeTarget;
			buildConfigurationList = AC64D05D2791134D0053B7DE /* Build configuration list for PBXNativeTarget "DesignSystemTests" */;
			buildPhases = (
				AC64D0472791134D0053B7DE /* Sources */,
				AC64D0482791134D0053B7DE /* Frameworks */,
				AC64D0492791134D0053B7DE /* Resources */,
			);
			buildRules = (
			);
			dependencies = (
				AC64D04E2791134D0053B7DE /* PBXTargetDependency */,
				AC64D0502791134D0053B7DE /* PBXTargetDependency */,
			);
			name = DesignSystemTests;
			productName = DesignSystemTests;
			productReference = AC64D04B2791134D0053B7DE /* DesignSystemTests.xctest */;
			productType = "com.apple.product-type.bundle.unit-test";
		};
/* End PBXNativeTarget section */

/* Begin PBXProject section */
		AC64CFFC279081FB0053B7DE /* Project object */ = {
			isa = PBXProject;
			attributes = {
				BuildIndependentTargetsInParallel = 1;
				LastSwiftUpdateCheck = 1310;
				LastUpgradeCheck = 1310;
				TargetAttributes = {
					AC64D003279081FB0053B7DE = {
						CreatedOnToolsVersion = 13.1;
					};
					AC64D019279081FD0053B7DE = {
						CreatedOnToolsVersion = 13.1;
						TestTargetID = AC64D003279081FB0053B7DE;
					};
					AC64D023279081FD0053B7DE = {
						CreatedOnToolsVersion = 13.1;
						TestTargetID = AC64D003279081FB0053B7DE;
					};
					AC64D0412791134D0053B7DE = {
						CreatedOnToolsVersion = 13.1;
					};
					AC64D04A2791134D0053B7DE = {
						CreatedOnToolsVersion = 13.1;
						TestTargetID = AC64D003279081FB0053B7DE;
					};
				};
			};
			buildConfigurationList = AC64CFFF279081FB0053B7DE /* Build configuration list for PBXProject "JuanRestaurant" */;
			compatibilityVersion = "Xcode 13.0";
			developmentRegion = en;
			hasScannedForEncodings = 0;
			knownRegions = (
				en,
				Base,
			);
			mainGroup = AC64CFFB279081FB0053B7DE;
			packageReferences = (
				AC64D06B27911B580053B7DE /* XCRemoteSwiftPackageReference "SnapKit" */,
			);
			productRefGroup = AC64D005279081FB0053B7DE /* Products */;
			projectDirPath = "";
			projectRoot = "";
			targets = (
				AC64D003279081FB0053B7DE /* JuanRestaurant */,
				AC64D019279081FD0053B7DE /* JuanRestaurantTests */,
				AC64D023279081FD0053B7DE /* JuanRestaurantUITests */,
				AC64D0412791134D0053B7DE /* DesignSystem */,
				AC64D04A2791134D0053B7DE /* DesignSystemTests */,
			);
		};
/* End PBXProject section */

/* Begin PBXResourcesBuildPhase section */
		AC64D002279081FB0053B7DE /* Resources */ = {
			isa = PBXResourcesBuildPhase;
			buildActionMask = 2147483647;
			files = (
				AC64D014279081FD0053B7DE /* LaunchScreen.storyboard in Resources */,
				AC64D011279081FD0053B7DE /* Assets.xcassets in Resources */,
				AC64D00F279081FB0053B7DE /* Main.storyboard in Resources */,
			);
			runOnlyForDeploymentPostprocessing = 0;
		};
		AC64D018279081FD0053B7DE /* Resources */ = {
			isa = PBXResourcesBuildPhase;
			buildActionMask = 2147483647;
			files = (
			);
			runOnlyForDeploymentPostprocessing = 0;
		};
		AC64D022279081FD0053B7DE /* Resources */ = {
			isa = PBXResourcesBuildPhase;
			buildActionMask = 2147483647;
			files = (
			);
			runOnlyForDeploymentPostprocessing = 0;
		};
		AC64D0402791134D0053B7DE /* Resources */ = {
			isa = PBXResourcesBuildPhase;
			buildActionMask = 2147483647;
			files = (
				AC64D067279115BB0053B7DE /* DSAssets.xcassets in Resources */,
			);
			runOnlyForDeploymentPostprocessing = 0;
		};
		AC64D0492791134D0053B7DE /* Resources */ = {
			isa = PBXResourcesBuildPhase;
			buildActionMask = 2147483647;
			files = (
			);
			runOnlyForDeploymentPostprocessing = 0;
		};
/* End PBXResourcesBuildPhase section */

/* Begin PBXSourcesBuildPhase section */
		AC64D000279081FB0053B7DE /* Sources */ = {
			isa = PBXSourcesBuildPhase;
			buildActionMask = 2147483647;
			files = (
				AC64D00C279081FB0053B7DE /* ViewController.swift in Sources */,
				AC6BFEEF279130E300AE9C46 /* WelcomeViewModel.swift in Sources */,
				AC64D080279121FE0053B7DE /* WelcomeText.swift in Sources */,
				AC64D008279081FB0053B7DE /* AppDelegate.swift in Sources */,
				AC64D07E279121DC0053B7DE /* AppText.swift in Sources */,
				AC64D085279123220053B7DE /* AppCoordinator.swift in Sources */,
				AC64D03C279110640053B7DE /* WelcomeBaseView.swift in Sources */,
				AC64D00A279081FB0053B7DE /* SceneDelegate.swift in Sources */,
				AC64D0822791227A0053B7DE /* WelcomeViewController.swift in Sources */,
			);
			runOnlyForDeploymentPostprocessing = 0;
		};
		AC64D016279081FD0053B7DE /* Sources */ = {
			isa = PBXSourcesBuildPhase;
			buildActionMask = 2147483647;
			files = (
				AC64D01F279081FD0053B7DE /* JuanRestaurantTests.swift in Sources */,
			);
			runOnlyForDeploymentPostprocessing = 0;
		};
		AC64D020279081FD0053B7DE /* Sources */ = {
			isa = PBXSourcesBuildPhase;
			buildActionMask = 2147483647;
			files = (
				AC64D029279081FD0053B7DE /* JuanRestaurantUITests.swift in Sources */,
				AC64D02B279081FD0053B7DE /* JuanRestaurantUITestsLaunchTests.swift in Sources */,
			);
			runOnlyForDeploymentPostprocessing = 0;
		};
		AC64D03E2791134D0053B7DE /* Sources */ = {
			isa = PBXSourcesBuildPhase;
			buildActionMask = 2147483647;
			files = (
				AC64D07B27911F4B0053B7DE /* DSTextColor.swift in Sources */,
				AC64D064279113A70053B7DE /* DSBackgroundColor.swift in Sources */,
				AC64D07427911EBB0053B7DE /* UIButtonExtension.swift in Sources */,
				AC64D06A279116740053B7DE /* ViewConfigurationProtocol.swift in Sources */,
				AC64D07827911F050053B7DE /* ButtonStyle.swift in Sources */,
				AC64D07127911E610053B7DE /* UIViewExtension.swift in Sources */,
				AC64D0462791134D0053B7DE /* DesignSystem.docc in Sources */,
				AC6BFEED27912FCB00AE9C46 /* HelperBundle.swift in Sources */,
			);
			runOnlyForDeploymentPostprocessing = 0;
		};
		AC64D0472791134D0053B7DE /* Sources */ = {
			isa = PBXSourcesBuildPhase;
			buildActionMask = 2147483647;
			files = (
				AC64D0532791134D0053B7DE /* DesignSystemTests.swift in Sources */,
			);
			runOnlyForDeploymentPostprocessing = 0;
		};
/* End PBXSourcesBuildPhase section */

/* Begin PBXTargetDependency section */
		AC64D01C279081FD0053B7DE /* PBXTargetDependency */ = {
			isa = PBXTargetDependency;
			target = AC64D003279081FB0053B7DE /* JuanRestaurant */;
			targetProxy = AC64D01B279081FD0053B7DE /* PBXContainerItemProxy */;
		};
		AC64D026279081FD0053B7DE /* PBXTargetDependency */ = {
			isa = PBXTargetDependency;
			target = AC64D003279081FB0053B7DE /* JuanRestaurant */;
			targetProxy = AC64D025279081FD0053B7DE /* PBXContainerItemProxy */;
		};
		AC64D04E2791134D0053B7DE /* PBXTargetDependency */ = {
			isa = PBXTargetDependency;
			target = AC64D0412791134D0053B7DE /* DesignSystem */;
			targetProxy = AC64D04D2791134D0053B7DE /* PBXContainerItemProxy */;
		};
		AC64D0502791134D0053B7DE /* PBXTargetDependency */ = {
			isa = PBXTargetDependency;
			target = AC64D003279081FB0053B7DE /* JuanRestaurant */;
			targetProxy = AC64D04F2791134D0053B7DE /* PBXContainerItemProxy */;
		};
		AC64D0562791134D0053B7DE /* PBXTargetDependency */ = {
			isa = PBXTargetDependency;
			target = AC64D0412791134D0053B7DE /* DesignSystem */;
			targetProxy = AC64D0552791134D0053B7DE /* PBXContainerItemProxy */;
		};
/* End PBXTargetDependency section */

/* Begin PBXVariantGroup section */
		AC64D00D279081FB0053B7DE /* Main.storyboard */ = {
			isa = PBXVariantGroup;
			children = (
				AC64D00E279081FB0053B7DE /* Base */,
			);
			name = Main.storyboard;
			sourceTree = "<group>";
		};
		AC64D012279081FD0053B7DE /* LaunchScreen.storyboard */ = {
			isa = PBXVariantGroup;
			children = (
				AC64D013279081FD0053B7DE /* Base */,
			);
			name = LaunchScreen.storyboard;
			sourceTree = "<group>";
		};
/* End PBXVariantGroup section */

/* Begin XCBuildConfiguration section */
		AC64D02C279081FD0053B7DE /* Debug */ = {
			isa = XCBuildConfiguration;
			buildSettings = {
				ALWAYS_SEARCH_USER_PATHS = NO;
				CLANG_ANALYZER_NONNULL = YES;
				CLANG_ANALYZER_NUMBER_OBJECT_CONVERSION = YES_AGGRESSIVE;
				CLANG_CXX_LANGUAGE_STANDARD = "gnu++17";
				CLANG_CXX_LIBRARY = "libc++";
				CLANG_ENABLE_MODULES = YES;
				CLANG_ENABLE_OBJC_ARC = YES;
				CLANG_ENABLE_OBJC_WEAK = YES;
				CLANG_WARN_BLOCK_CAPTURE_AUTORELEASING = YES;
				CLANG_WARN_BOOL_CONVERSION = YES;
				CLANG_WARN_COMMA = YES;
				CLANG_WARN_CONSTANT_CONVERSION = YES;
				CLANG_WARN_DEPRECATED_OBJC_IMPLEMENTATIONS = YES;
				CLANG_WARN_DIRECT_OBJC_ISA_USAGE = YES_ERROR;
				CLANG_WARN_DOCUMENTATION_COMMENTS = YES;
				CLANG_WARN_EMPTY_BODY = YES;
				CLANG_WARN_ENUM_CONVERSION = YES;
				CLANG_WARN_INFINITE_RECURSION = YES;
				CLANG_WARN_INT_CONVERSION = YES;
				CLANG_WARN_NON_LITERAL_NULL_CONVERSION = YES;
				CLANG_WARN_OBJC_IMPLICIT_RETAIN_SELF = YES;
				CLANG_WARN_OBJC_LITERAL_CONVERSION = YES;
				CLANG_WARN_OBJC_ROOT_CLASS = YES_ERROR;
				CLANG_WARN_QUOTED_INCLUDE_IN_FRAMEWORK_HEADER = YES;
				CLANG_WARN_RANGE_LOOP_ANALYSIS = YES;
				CLANG_WARN_STRICT_PROTOTYPES = YES;
				CLANG_WARN_SUSPICIOUS_MOVE = YES;
				CLANG_WARN_UNGUARDED_AVAILABILITY = YES_AGGRESSIVE;
				CLANG_WARN_UNREACHABLE_CODE = YES;
				CLANG_WARN__DUPLICATE_METHOD_MATCH = YES;
				COPY_PHASE_STRIP = NO;
				DEBUG_INFORMATION_FORMAT = dwarf;
				ENABLE_STRICT_OBJC_MSGSEND = YES;
				ENABLE_TESTABILITY = YES;
				GCC_C_LANGUAGE_STANDARD = gnu11;
				GCC_DYNAMIC_NO_PIC = NO;
				GCC_NO_COMMON_BLOCKS = YES;
				GCC_OPTIMIZATION_LEVEL = 0;
				GCC_PREPROCESSOR_DEFINITIONS = (
					"DEBUG=1",
					"$(inherited)",
				);
				GCC_WARN_64_TO_32_BIT_CONVERSION = YES;
				GCC_WARN_ABOUT_RETURN_TYPE = YES_ERROR;
				GCC_WARN_UNDECLARED_SELECTOR = YES;
				GCC_WARN_UNINITIALIZED_AUTOS = YES_AGGRESSIVE;
				GCC_WARN_UNUSED_FUNCTION = YES;
				GCC_WARN_UNUSED_VARIABLE = YES;
				IPHONEOS_DEPLOYMENT_TARGET = 13.0;
				MTL_ENABLE_DEBUG_INFO = INCLUDE_SOURCE;
				MTL_FAST_MATH = YES;
				ONLY_ACTIVE_ARCH = YES;
				SDKROOT = iphoneos;
				SWIFT_ACTIVE_COMPILATION_CONDITIONS = DEBUG;
				SWIFT_OPTIMIZATION_LEVEL = "-Onone";
			};
			name = Debug;
		};
		AC64D02D279081FD0053B7DE /* Release */ = {
			isa = XCBuildConfiguration;
			buildSettings = {
				ALWAYS_SEARCH_USER_PATHS = NO;
				CLANG_ANALYZER_NONNULL = YES;
				CLANG_ANALYZER_NUMBER_OBJECT_CONVERSION = YES_AGGRESSIVE;
				CLANG_CXX_LANGUAGE_STANDARD = "gnu++17";
				CLANG_CXX_LIBRARY = "libc++";
				CLANG_ENABLE_MODULES = YES;
				CLANG_ENABLE_OBJC_ARC = YES;
				CLANG_ENABLE_OBJC_WEAK = YES;
				CLANG_WARN_BLOCK_CAPTURE_AUTORELEASING = YES;
				CLANG_WARN_BOOL_CONVERSION = YES;
				CLANG_WARN_COMMA = YES;
				CLANG_WARN_CONSTANT_CONVERSION = YES;
				CLANG_WARN_DEPRECATED_OBJC_IMPLEMENTATIONS = YES;
				CLANG_WARN_DIRECT_OBJC_ISA_USAGE = YES_ERROR;
				CLANG_WARN_DOCUMENTATION_COMMENTS = YES;
				CLANG_WARN_EMPTY_BODY = YES;
				CLANG_WARN_ENUM_CONVERSION = YES;
				CLANG_WARN_INFINITE_RECURSION = YES;
				CLANG_WARN_INT_CONVERSION = YES;
				CLANG_WARN_NON_LITERAL_NULL_CONVERSION = YES;
				CLANG_WARN_OBJC_IMPLICIT_RETAIN_SELF = YES;
				CLANG_WARN_OBJC_LITERAL_CONVERSION = YES;
				CLANG_WARN_OBJC_ROOT_CLASS = YES_ERROR;
				CLANG_WARN_QUOTED_INCLUDE_IN_FRAMEWORK_HEADER = YES;
				CLANG_WARN_RANGE_LOOP_ANALYSIS = YES;
				CLANG_WARN_STRICT_PROTOTYPES = YES;
				CLANG_WARN_SUSPICIOUS_MOVE = YES;
				CLANG_WARN_UNGUARDED_AVAILABILITY = YES_AGGRESSIVE;
				CLANG_WARN_UNREACHABLE_CODE = YES;
				CLANG_WARN__DUPLICATE_METHOD_MATCH = YES;
				COPY_PHASE_STRIP = NO;
				DEBUG_INFORMATION_FORMAT = "dwarf-with-dsym";
				ENABLE_NS_ASSERTIONS = NO;
				ENABLE_STRICT_OBJC_MSGSEND = YES;
				GCC_C_LANGUAGE_STANDARD = gnu11;
				GCC_NO_COMMON_BLOCKS = YES;
				GCC_WARN_64_TO_32_BIT_CONVERSION = YES;
				GCC_WARN_ABOUT_RETURN_TYPE = YES_ERROR;
				GCC_WARN_UNDECLARED_SELECTOR = YES;
				GCC_WARN_UNINITIALIZED_AUTOS = YES_AGGRESSIVE;
				GCC_WARN_UNUSED_FUNCTION = YES;
				GCC_WARN_UNUSED_VARIABLE = YES;
				IPHONEOS_DEPLOYMENT_TARGET = 13.0;
				MTL_ENABLE_DEBUG_INFO = NO;
				MTL_FAST_MATH = YES;
				SDKROOT = iphoneos;
				SWIFT_COMPILATION_MODE = wholemodule;
				SWIFT_OPTIMIZATION_LEVEL = "-O";
				VALIDATE_PRODUCT = YES;
			};
			name = Release;
		};
		AC64D02F279081FD0053B7DE /* Debug */ = {
			isa = XCBuildConfiguration;
			buildSettings = {
				ALWAYS_EMBED_SWIFT_STANDARD_LIBRARIES = YES;
				ASSETCATALOG_COMPILER_APPICON_NAME = AppIcon;
				ASSETCATALOG_COMPILER_GLOBAL_ACCENT_COLOR_NAME = AccentColor;
				CODE_SIGN_STYLE = Automatic;
				CURRENT_PROJECT_VERSION = 1;
				DEVELOPMENT_TEAM = 69845R2YL4;
				GENERATE_INFOPLIST_FILE = YES;
				INFOPLIST_FILE = JuanRestaurant/Info.plist;
				INFOPLIST_KEY_UIApplicationSupportsIndirectInputEvents = YES;
				INFOPLIST_KEY_UILaunchStoryboardName = LaunchScreen;
				INFOPLIST_KEY_UISupportedInterfaceOrientations = UIInterfaceOrientationPortrait;
				INFOPLIST_KEY_UISupportedInterfaceOrientations_iPad = "UIInterfaceOrientationPortrait UIInterfaceOrientationPortraitUpsideDown UIInterfaceOrientationLandscapeLeft UIInterfaceOrientationLandscapeRight";
				INFOPLIST_KEY_UISupportedInterfaceOrientations_iPhone = "UIInterfaceOrientationPortrait UIInterfaceOrientationLandscapeLeft UIInterfaceOrientationLandscapeRight";
				LD_RUNPATH_SEARCH_PATHS = (
					"$(inherited)",
					"@executable_path/Frameworks",
				);
				MARKETING_VERSION = 1.0;
				PRODUCT_BUNDLE_IDENTIFIER = JuanCompany.JuanRestaurant;
				PRODUCT_NAME = "$(TARGET_NAME)";
				SWIFT_EMIT_LOC_STRINGS = YES;
				SWIFT_VERSION = 5.0;
				TARGETED_DEVICE_FAMILY = 1;
			};
			name = Debug;
		};
		AC64D030279081FD0053B7DE /* Release */ = {
			isa = XCBuildConfiguration;
			buildSettings = {
				ALWAYS_EMBED_SWIFT_STANDARD_LIBRARIES = YES;
				ASSETCATALOG_COMPILER_APPICON_NAME = AppIcon;
				ASSETCATALOG_COMPILER_GLOBAL_ACCENT_COLOR_NAME = AccentColor;
				CODE_SIGN_STYLE = Automatic;
				CURRENT_PROJECT_VERSION = 1;
				DEVELOPMENT_TEAM = 69845R2YL4;
				GENERATE_INFOPLIST_FILE = YES;
				INFOPLIST_FILE = JuanRestaurant/Info.plist;
				INFOPLIST_KEY_UIApplicationSupportsIndirectInputEvents = YES;
				INFOPLIST_KEY_UILaunchStoryboardName = LaunchScreen;
				INFOPLIST_KEY_UISupportedInterfaceOrientations = UIInterfaceOrientationPortrait;
				INFOPLIST_KEY_UISupportedInterfaceOrientations_iPad = "UIInterfaceOrientationPortrait UIInterfaceOrientationPortraitUpsideDown UIInterfaceOrientationLandscapeLeft UIInterfaceOrientationLandscapeRight";
				INFOPLIST_KEY_UISupportedInterfaceOrientations_iPhone = "UIInterfaceOrientationPortrait UIInterfaceOrientationLandscapeLeft UIInterfaceOrientationLandscapeRight";
				LD_RUNPATH_SEARCH_PATHS = (
					"$(inherited)",
					"@executable_path/Frameworks",
				);
				MARKETING_VERSION = 1.0;
				PRODUCT_BUNDLE_IDENTIFIER = JuanCompany.JuanRestaurant;
				PRODUCT_NAME = "$(TARGET_NAME)";
				SWIFT_EMIT_LOC_STRINGS = YES;
				SWIFT_VERSION = 5.0;
				TARGETED_DEVICE_FAMILY = 1;
			};
			name = Release;
		};
		AC64D032279081FD0053B7DE /* Debug */ = {
			isa = XCBuildConfiguration;
			buildSettings = {
				ALWAYS_EMBED_SWIFT_STANDARD_LIBRARIES = YES;
				BUNDLE_LOADER = "$(TEST_HOST)";
				CODE_SIGN_STYLE = Automatic;
				CURRENT_PROJECT_VERSION = 1;
				DEVELOPMENT_TEAM = 69845R2YL4;
				GENERATE_INFOPLIST_FILE = YES;
				IPHONEOS_DEPLOYMENT_TARGET = 15.0;
				LD_RUNPATH_SEARCH_PATHS = (
					"$(inherited)",
					"@executable_path/Frameworks",
					"@loader_path/Frameworks",
				);
				MARKETING_VERSION = 1.0;
				PRODUCT_BUNDLE_IDENTIFIER = JuanCompany.JuanRestaurantTests;
				PRODUCT_NAME = "$(TARGET_NAME)";
				SWIFT_EMIT_LOC_STRINGS = NO;
				SWIFT_VERSION = 5.0;
				TARGETED_DEVICE_FAMILY = "1,2";
				TEST_HOST = "$(BUILT_PRODUCTS_DIR)/JuanRestaurant.app/JuanRestaurant";
			};
			name = Debug;
		};
		AC64D033279081FD0053B7DE /* Release */ = {
			isa = XCBuildConfiguration;
			buildSettings = {
				ALWAYS_EMBED_SWIFT_STANDARD_LIBRARIES = YES;
				BUNDLE_LOADER = "$(TEST_HOST)";
				CODE_SIGN_STYLE = Automatic;
				CURRENT_PROJECT_VERSION = 1;
				DEVELOPMENT_TEAM = 69845R2YL4;
				GENERATE_INFOPLIST_FILE = YES;
				IPHONEOS_DEPLOYMENT_TARGET = 15.0;
				LD_RUNPATH_SEARCH_PATHS = (
					"$(inherited)",
					"@executable_path/Frameworks",
					"@loader_path/Frameworks",
				);
				MARKETING_VERSION = 1.0;
				PRODUCT_BUNDLE_IDENTIFIER = JuanCompany.JuanRestaurantTests;
				PRODUCT_NAME = "$(TARGET_NAME)";
				SWIFT_EMIT_LOC_STRINGS = NO;
				SWIFT_VERSION = 5.0;
				TARGETED_DEVICE_FAMILY = "1,2";
				TEST_HOST = "$(BUILT_PRODUCTS_DIR)/JuanRestaurant.app/JuanRestaurant";
			};
			name = Release;
		};
		AC64D035279081FD0053B7DE /* Debug */ = {
			isa = XCBuildConfiguration;
			buildSettings = {
				ALWAYS_EMBED_SWIFT_STANDARD_LIBRARIES = YES;
				CODE_SIGN_STYLE = Automatic;
				CURRENT_PROJECT_VERSION = 1;
				DEVELOPMENT_TEAM = 69845R2YL4;
				GENERATE_INFOPLIST_FILE = YES;
				LD_RUNPATH_SEARCH_PATHS = (
					"$(inherited)",
					"@executable_path/Frameworks",
					"@loader_path/Frameworks",
				);
				MARKETING_VERSION = 1.0;
				PRODUCT_BUNDLE_IDENTIFIER = JuanCompany.JuanRestaurantUITests;
				PRODUCT_NAME = "$(TARGET_NAME)";
				SWIFT_EMIT_LOC_STRINGS = NO;
				SWIFT_VERSION = 5.0;
				TARGETED_DEVICE_FAMILY = "1,2";
				TEST_TARGET_NAME = JuanRestaurant;
			};
			name = Debug;
		};
		AC64D036279081FD0053B7DE /* Release */ = {
			isa = XCBuildConfiguration;
			buildSettings = {
				ALWAYS_EMBED_SWIFT_STANDARD_LIBRARIES = YES;
				CODE_SIGN_STYLE = Automatic;
				CURRENT_PROJECT_VERSION = 1;
				DEVELOPMENT_TEAM = 69845R2YL4;
				GENERATE_INFOPLIST_FILE = YES;
				LD_RUNPATH_SEARCH_PATHS = (
					"$(inherited)",
					"@executable_path/Frameworks",
					"@loader_path/Frameworks",
				);
				MARKETING_VERSION = 1.0;
				PRODUCT_BUNDLE_IDENTIFIER = JuanCompany.JuanRestaurantUITests;
				PRODUCT_NAME = "$(TARGET_NAME)";
				SWIFT_EMIT_LOC_STRINGS = NO;
				SWIFT_VERSION = 5.0;
				TARGETED_DEVICE_FAMILY = "1,2";
				TEST_TARGET_NAME = JuanRestaurant;
			};
			name = Release;
		};
		AC64D05A2791134D0053B7DE /* Debug */ = {
			isa = XCBuildConfiguration;
			buildSettings = {
				CODE_SIGN_STYLE = Automatic;
				CURRENT_PROJECT_VERSION = 1;
				DEFINES_MODULE = YES;
				DEVELOPMENT_TEAM = 69845R2YL4;
				DYLIB_COMPATIBILITY_VERSION = 1;
				DYLIB_CURRENT_VERSION = 1;
				DYLIB_INSTALL_NAME_BASE = "@rpath";
				GENERATE_INFOPLIST_FILE = YES;
				INFOPLIST_KEY_NSHumanReadableCopyright = "";
				INSTALL_PATH = "$(LOCAL_LIBRARY_DIR)/Frameworks";
				LD_RUNPATH_SEARCH_PATHS = (
					"$(inherited)",
					"@executable_path/Frameworks",
					"@loader_path/Frameworks",
				);
				MARKETING_VERSION = 1.0;
				PRODUCT_BUNDLE_IDENTIFIER = JuanCompany.DesignSystem;
				PRODUCT_NAME = "$(TARGET_NAME:c99extidentifier)";
				SKIP_INSTALL = YES;
				SUPPORTS_MACCATALYST = NO;
				SWIFT_EMIT_LOC_STRINGS = YES;
				SWIFT_VERSION = 5.0;
				TARGETED_DEVICE_FAMILY = 1;
				VERSIONING_SYSTEM = "apple-generic";
				VERSION_INFO_PREFIX = "";
			};
			name = Debug;
		};
		AC64D05B2791134D0053B7DE /* Release */ = {
			isa = XCBuildConfiguration;
			buildSettings = {
				CODE_SIGN_STYLE = Automatic;
				CURRENT_PROJECT_VERSION = 1;
				DEFINES_MODULE = YES;
				DEVELOPMENT_TEAM = 69845R2YL4;
				DYLIB_COMPATIBILITY_VERSION = 1;
				DYLIB_CURRENT_VERSION = 1;
				DYLIB_INSTALL_NAME_BASE = "@rpath";
				GENERATE_INFOPLIST_FILE = YES;
				INFOPLIST_KEY_NSHumanReadableCopyright = "";
				INSTALL_PATH = "$(LOCAL_LIBRARY_DIR)/Frameworks";
				LD_RUNPATH_SEARCH_PATHS = (
					"$(inherited)",
					"@executable_path/Frameworks",
					"@loader_path/Frameworks",
				);
				MARKETING_VERSION = 1.0;
				PRODUCT_BUNDLE_IDENTIFIER = JuanCompany.DesignSystem;
				PRODUCT_NAME = "$(TARGET_NAME:c99extidentifier)";
				SKIP_INSTALL = YES;
				SUPPORTS_MACCATALYST = NO;
				SWIFT_EMIT_LOC_STRINGS = YES;
				SWIFT_VERSION = 5.0;
				TARGETED_DEVICE_FAMILY = 1;
				VERSIONING_SYSTEM = "apple-generic";
				VERSION_INFO_PREFIX = "";
			};
			name = Release;
		};
		AC64D05E2791134D0053B7DE /* Debug */ = {
			isa = XCBuildConfiguration;
			buildSettings = {
				ALWAYS_EMBED_SWIFT_STANDARD_LIBRARIES = YES;
				BUNDLE_LOADER = "$(TEST_HOST)";
				CODE_SIGN_STYLE = Automatic;
				CURRENT_PROJECT_VERSION = 1;
				DEVELOPMENT_TEAM = 69845R2YL4;
				GENERATE_INFOPLIST_FILE = YES;
				LD_RUNPATH_SEARCH_PATHS = (
					"$(inherited)",
					"@executable_path/Frameworks",
					"@loader_path/Frameworks",
				);
				MARKETING_VERSION = 1.0;
				PRODUCT_BUNDLE_IDENTIFIER = JuanCompany.DesignSystemTests;
				PRODUCT_NAME = "$(TARGET_NAME)";
				SWIFT_EMIT_LOC_STRINGS = NO;
				SWIFT_VERSION = 5.0;
				TARGETED_DEVICE_FAMILY = "1,2";
				TEST_HOST = "$(BUILT_PRODUCTS_DIR)/JuanRestaurant.app/JuanRestaurant";
			};
			name = Debug;
		};
		AC64D05F2791134D0053B7DE /* Release */ = {
			isa = XCBuildConfiguration;
			buildSettings = {
				ALWAYS_EMBED_SWIFT_STANDARD_LIBRARIES = YES;
				BUNDLE_LOADER = "$(TEST_HOST)";
				CODE_SIGN_STYLE = Automatic;
				CURRENT_PROJECT_VERSION = 1;
				DEVELOPMENT_TEAM = 69845R2YL4;
				GENERATE_INFOPLIST_FILE = YES;
				LD_RUNPATH_SEARCH_PATHS = (
					"$(inherited)",
					"@executable_path/Frameworks",
					"@loader_path/Frameworks",
				);
				MARKETING_VERSION = 1.0;
				PRODUCT_BUNDLE_IDENTIFIER = JuanCompany.DesignSystemTests;
				PRODUCT_NAME = "$(TARGET_NAME)";
				SWIFT_EMIT_LOC_STRINGS = NO;
				SWIFT_VERSION = 5.0;
				TARGETED_DEVICE_FAMILY = "1,2";
				TEST_HOST = "$(BUILT_PRODUCTS_DIR)/JuanRestaurant.app/JuanRestaurant";
			};
			name = Release;
		};
/* End XCBuildConfiguration section */

/* Begin XCConfigurationList section */
		AC64CFFF279081FB0053B7DE /* Build configuration list for PBXProject "JuanRestaurant" */ = {
			isa = XCConfigurationList;
			buildConfigurations = (
				AC64D02C279081FD0053B7DE /* Debug */,
				AC64D02D279081FD0053B7DE /* Release */,
			);
			defaultConfigurationIsVisible = 0;
			defaultConfigurationName = Release;
		};
		AC64D02E279081FD0053B7DE /* Build configuration list for PBXNativeTarget "JuanRestaurant" */ = {
			isa = XCConfigurationList;
			buildConfigurations = (
				AC64D02F279081FD0053B7DE /* Debug */,
				AC64D030279081FD0053B7DE /* Release */,
			);
			defaultConfigurationIsVisible = 0;
			defaultConfigurationName = Release;
		};
		AC64D031279081FD0053B7DE /* Build configuration list for PBXNativeTarget "JuanRestaurantTests" */ = {
			isa = XCConfigurationList;
			buildConfigurations = (
				AC64D032279081FD0053B7DE /* Debug */,
				AC64D033279081FD0053B7DE /* Release */,
			);
			defaultConfigurationIsVisible = 0;
			defaultConfigurationName = Release;
		};
		AC64D034279081FD0053B7DE /* Build configuration list for PBXNativeTarget "JuanRestaurantUITests" */ = {
			isa = XCConfigurationList;
			buildConfigurations = (
				AC64D035279081FD0053B7DE /* Debug */,
				AC64D036279081FD0053B7DE /* Release */,
			);
			defaultConfigurationIsVisible = 0;
			defaultConfigurationName = Release;
		};
		AC64D0592791134D0053B7DE /* Build configuration list for PBXNativeTarget "DesignSystem" */ = {
			isa = XCConfigurationList;
			buildConfigurations = (
				AC64D05A2791134D0053B7DE /* Debug */,
				AC64D05B2791134D0053B7DE /* Release */,
			);
			defaultConfigurationIsVisible = 0;
			defaultConfigurationName = Release;
		};
		AC64D05D2791134D0053B7DE /* Build configuration list for PBXNativeTarget "DesignSystemTests" */ = {
			isa = XCConfigurationList;
			buildConfigurations = (
				AC64D05E2791134D0053B7DE /* Debug */,
				AC64D05F2791134D0053B7DE /* Release */,
			);
			defaultConfigurationIsVisible = 0;
			defaultConfigurationName = Release;
		};
/* End XCConfigurationList section */

/* Begin XCRemoteSwiftPackageReference section */
		AC64D06B27911B580053B7DE /* XCRemoteSwiftPackageReference "SnapKit" */ = {
			isa = XCRemoteSwiftPackageReference;
			repositoryURL = "https://github.com/SnapKit/SnapKit.git";
			requirement = {
				kind = upToNextMajorVersion;
				minimumVersion = 5.0.0;
			};
		};
/* End XCRemoteSwiftPackageReference section */

/* Begin XCSwiftPackageProductDependency section */
		AC64D06C27911B580053B7DE /* SnapKit */ = {
			isa = XCSwiftPackageProductDependency;
			package = AC64D06B27911B580053B7DE /* XCRemoteSwiftPackageReference "SnapKit" */;
			productName = SnapKit;
		};
/* End XCSwiftPackageProductDependency section */
	};
	rootObject = AC64CFFC279081FB0053B7DE /* Project object */;
}
